github.com/fatih/structs v1.0.0 h1:BrX964Rv5uQ3wwS+KRUAJCBBw5PQmgJfJ6v4yly5QwU=
github.com/fatih/structs v1.0.0/go.mod h1:9NiDSp5zOcgEDl+j00MP/WkGVPOlPRLejGD8Ga6PJ7M=
github.com/imdario/mergo v0.0.0-20180119215619-163f41321a19 h1:geJOJJZwkYI1yqxWrAMcgrwDvy4P1XyNNgIyN9d6UXc=
github.com/imdario/mergo v0.0.0-20180119215619-163f41321a19/go.mod h1:2EnlNZ0deacrJVfApfmtdGgDfMuh/nq6Ok1EcJh5FfA=
github.com/microcosm-cc/bluemonday v0.0.0-20171222152607-542fd4642604 h1:BbG6VMVavjbhIsD7Hoscfz+wExp1hY+pmk+7Agc4J74=
github.com/microcosm-cc/bluemonday v0.0.0-20171222152607-542fd4642604/go.mod h1:hsXNsILzKxV+sX77C5b8FSuKF00vh2OMYv+xgHpAMF4=
github.com/mitchellh/go-homedir v0.0.0-20161203194507-b8bc1bf76747 h1:eQox4Rh4ewJF+mqYPxCkmBAirRnPaHEB26UkNuPyjlk=
github.com/mitchellh/go-homedir v0.0.0-20161203194507-b8bc1bf76747/go.mod h1:SfyaCUpYCn1Vlf4IUYiD9fPX4A5wJrkLzIz1N1q0pr0=
github.com/ogier/pflag v0.0.0-20160129220114-45c278ab3607 h1:db+rES1EpSjP45xOU3hgS41oawQiZzqfnl6dUgBdFjY=
github.com/ogier/pflag v0.0.0-20160129220114-45c278ab3607/go.mod h1:zkFki7tvTa0tafRvTBIZTvzYyAu6kQhPZFnshFFPE+g=
golang.org/x/net v0.0.0-20180320002117-6078986fec03 h1:7AqHAZ7CvA95ugmTHvadCc9K2ltE9f5dYKpce5J1kn8=
golang.org/x/net v0.0.0-20180320002117-6078986fec03/go.mod h1:mL1N/T3taQHkDXs73rZJwtUhF3w3ftmwwsq0BUmARs4=
gopkg.in/check.v1 v0.0.0-20161208181325-20d25e280405/go.mod h1:Co6ibVJAznAaIkqp8huTwlJQCZ016jof/cbN4VW5Yz0=
gopkg.in/yaml.v2 v2.2.1 h1:mUhvW9EsL+naU5Q3cakzfE91YhliOondGd6ZrsDBHQE=
gopkg.in/yaml.v2 v2.2.1/go.mod h1:hI93XBmqTisBFMUTm0b8Fm+jr3Dg1NNxqwp+5A1VGuI=
