# This file is autogenerated, do not edit; changes may be undone by the next 'dep ensure'.


[[projects]]
  name = "github.com/imdario/mergo"
  packages = ["."]
  revision = "163f41321a19dd09362d4c63cc2489db2015f1f4"
  version = "0.3.2"

[[projects]]
  branch = "master"
  name = "github.com/mitchellh/go-homedir"
  packages = ["."]
  revision = "b8bc1bf767474819792c23f32d8286a45736f1c6"

[[projects]]
  branch = "master"
  name = "github.com/ogier/pflag"
  packages = ["."]
  revision = "45c278ab3607870051a2ea9040bb85fcb8557481"

[solve-meta]
  analyzer-name = "dep"
  analyzer-version = 1
  inputs-digest = "f02fc9e1da59d9c8fb1e47ec772acce490f2a622c0a5d71ac4ae038525cb7a8a"
  solver-name = "gps-cdcl"
  solver-version = 1
